
Microsoft Visual Studio Solution File, Format Version 12.00
# Visual Studio Version 17
VisualStudioVersion = 17.11.35312.102
MinimumVisualStudioVersion = 10.0.40219.1
Project("{FAE04EC0-301F-11D3-BF4B-00C04F79EFBC}") = "libreriaa_MALH", "libreriaa_MALH.csproj", "{5BAF7622-900F-4651-B2FF-5A2BF58C69E7}"
EndProject
Global
	GlobalSection(SolutionConfigurationPlatforms) = preSolution
		Debug|Any CPU = Debug|Any CPU
		Release|Any CPU = Release|Any CPU
	EndGlobalSection
	GlobalSection(ProjectConfigurationPlatforms) = postSolution
		{5BAF7622-900F-4651-B2FF-5A2BF58C69E7}.Debug|Any CPU.ActiveCfg = Debug|Any CPU
		{5BAF7622-900F-4651-B2FF-5A2BF58C69E7}.Debug|Any CPU.Build.0 = Debug|Any CPU
		{5BAF7622-900F-4651-B2FF-5A2BF58C69E7}.Release|Any CPU.ActiveCfg = Release|Any CPU
		{5BAF7622-900F-4651-B2FF-5A2BF58C69E7}.Release|Any CPU.Build.0 = Release|Any CPU
	EndGlobalSection
	GlobalSection(SolutionProperties) = preSolution
		HideSolutionNode = FALSE
	EndGlobalSection
	GlobalSection(ExtensibilityGlobals) = postSolution
		SolutionGuid = {D92F6696-79B3-4FF7-AC02-100D69DF5B58}
	EndGlobalSection
EndGlobal
